
Microsoft Visual Studio Solution File, Format Version 12.00
# Visual Studio Version 17
VisualStudioVersion = 17.2.32616.157
MinimumVisualStudioVersion = 10.0.40219.1
Project("{FAE04EC0-301F-11D3-BF4B-00C04F79EFBC}") = "LembretesApi", "LembretesApi.csproj", "{C688E8DD-6EC3-4AE6-8D8F-995AAAC9F37A}"
EndProject
Global
	GlobalSection(SolutionConfigurationPlatforms) = preSolution
		Debug|Any CPU = Debug|Any CPU
		Release|Any CPU = Release|Any CPU
	EndGlobalSection
	GlobalSection(ProjectConfigurationPlatforms) = postSolution
		{C688E8DD-6EC3-4AE6-8D8F-995AAAC9F37A}.Debug|Any CPU.ActiveCfg = Debug|Any CPU
		{C688E8DD-6EC3-4AE6-8D8F-995AAAC9F37A}.Debug|Any CPU.Build.0 = Debug|Any CPU
		{C688E8DD-6EC3-4AE6-8D8F-995AAAC9F37A}.Release|Any CPU.ActiveCfg = Release|Any CPU
		{C688E8DD-6EC3-4AE6-8D8F-995AAAC9F37A}.Release|Any CPU.Build.0 = Release|Any CPU
	EndGlobalSection
	GlobalSection(SolutionProperties) = preSolution
		HideSolutionNode = FALSE
	EndGlobalSection
	GlobalSection(ExtensibilityGlobals) = postSolution
		SolutionGuid = {0E9B307E-C4BC-49CB-B907-6F62BF537898}
	EndGlobalSection
EndGlobal
